// !$*UTF8*$!
{
	archiveVersion = 1;
	classes = {
	};
	objectVersion = 50;
	objects = {

/* Begin PBXBuildFile section */
		1B46219026F763420015CCA7 /* AppDelegate.swift in Sources */ = {isa = PBXBuildFile; fileRef = 1B46218F26F763420015CCA7 /* AppDelegate.swift */; };
		1B46219226F763420015CCA7 /* SceneDelegate.swift in Sources */ = {isa = PBXBuildFile; fileRef = 1B46219126F763420015CCA7 /* SceneDelegate.swift */; };
		1B46219426F763420015CCA7 /* ContentView.swift in Sources */ = {isa = PBXBuildFile; fileRef = 1B46219326F763420015CCA7 /* ContentView.swift */; };
		1B46219926F763430015CCA7 /* Preview Assets.xcassets in Resources */ = {isa = PBXBuildFile; fileRef = 1B46219826F763430015CCA7 /* Preview Assets.xcassets */; };
		1B46219C26F763430015CCA7 /* LaunchScreen.storyboard in Resources */ = {isa = PBXBuildFile; fileRef = 1B46219A26F763430015CCA7 /* LaunchScreen.storyboard */; };
		1B4621AE26F76FA20015CCA7 /* Assets.xcassets in Resources */ = {isa = PBXBuildFile; fileRef = 1B4621AD26F76FA20015CCA7 /* Assets.xcassets */; };
/* End PBXBuildFile section */

/* Begin PBXFileReference section */
		1B46218C26F763420015CCA7 /* Manage contacts.app */ = {isa = PBXFileReference; explicitFileType = wrapper.application; includeInIndex = 0; path = "Manage contacts.app"; sourceTree = BUILT_PRODUCTS_DIR; };
		1B46218F26F763420015CCA7 /* AppDelegate.swift */ = {isa = PBXFileReference; lastKnownFileType = sourcecode.swift; path = AppDelegate.swift; sourceTree = "<group>"; };
		1B46219126F763420015CCA7 /* SceneDelegate.swift */ = {isa = PBXFileReference; lastKnownFileType = sourcecode.swift; path = SceneDelegate.swift; sourceTree = "<group>"; };
		1B46219326F763420015CCA7 /* ContentView.swift */ = {isa = PBXFileReference; lastKnownFileType = sourcecode.swift; path = ContentView.swift; sourceTree = "<group>"; };
		1B46219826F763430015CCA7 /* Preview Assets.xcassets */ = {isa = PBXFileReference; lastKnownFileType = folder.assetcatalog; path = "Preview Assets.xcassets"; sourceTree = "<group>"; };
		1B46219B26F763430015CCA7 /* Base */ = {isa = PBXFileReference; lastKnownFileType = file.storyboard; name = Base; path = Base.lproj/LaunchScreen.storyboard; sourceTree = "<group>"; };
		1B46219D26F763430015CCA7 /* Info.plist */ = {isa = PBXFileReference; lastKnownFileType = text.plist.xml; path = Info.plist; sourceTree = "<group>"; };
		1B4621AD26F76FA20015CCA7 /* Assets.xcassets */ = {isa = PBXFileReference; lastKnownFileType = folder.assetcatalog; path = Assets.xcassets; sourceTree = "<group>"; };
/* End PBXFileReference section */

/* Begin PBXFrameworksBuildPhase section */
		1B46218926F763420015CCA7 /* Frameworks */ = {
			isa = PBXFrameworksBuildPhase;
			buildActionMask = 2147483647;
			files = (
			);
			runOnlyForDeploymentPostprocessing = 0;
		};
/* End PBXFrameworksBuildPhase section */

/* Begin PBXGroup section */
		1B46218326F763420015CCA7 = {
			isa = PBXGroup;
			children = (
				1B46218E26F763420015CCA7 /* Manage contacts */,
				1B46218D26F763420015CCA7 /* Products */,
			);
			sourceTree = "<group>";
		};
		1B46218D26F763420015CCA7 /* Products */ = {
			isa = PBXGroup;
			children = (
				1B46218C26F763420015CCA7 /* Manage contacts.app */,
			);
			name = Products;
			sourceTree = "<group>";
		};
		1B46218E26F763420015CCA7 /* Manage contacts */ = {
			isa = PBXGroup;
			children = (
				1B4621A326F764230015CCA7 /* ApplicationServices */,
				1B4621A426F764330015CCA7 /* AssetsAndAppDelegates */,
				1B4621A526F7645F0015CCA7 /* CustomHelpers */,
				1B4621A626F765320015CCA7 /* Extensions */,
				1B4621A726F7654B0015CCA7 /* UIComponents */,
				1B4621A826F7655A0015CCA7 /* UserStories */,
				1B46219726F763430015CCA7 /* Preview Content */,
			);
			path = "Manage contacts";
			sourceTree = "<group>";
		};
		1B46219726F763430015CCA7 /* Preview Content */ = {
			isa = PBXGroup;
			children = (
				1B46219826F763430015CCA7 /* Preview Assets.xcassets */,
			);
			path = "Preview Content";
			sourceTree = "<group>";
		};
		1B4621A326F764230015CCA7 /* ApplicationServices */ = {
			isa = PBXGroup;
			children = (
			);
			path = ApplicationServices;
			sourceTree = "<group>";
		};
		1B4621A426F764330015CCA7 /* AssetsAndAppDelegates */ = {
			isa = PBXGroup;
			children = (
				1B46218F26F763420015CCA7 /* AppDelegate.swift */,
				1B46219126F763420015CCA7 /* SceneDelegate.swift */,
				1B46219A26F763430015CCA7 /* LaunchScreen.storyboard */,
				1B4621AD26F76FA20015CCA7 /* Assets.xcassets */,
				1B46219D26F763430015CCA7 /* Info.plist */,
			);
			path = AssetsAndAppDelegates;
			sourceTree = "<group>";
		};
		1B4621A526F7645F0015CCA7 /* CustomHelpers */ = {
			isa = PBXGroup;
			children = (
			);
			path = CustomHelpers;
			sourceTree = "<group>";
		};
		1B4621A626F765320015CCA7 /* Extensions */ = {
			isa = PBXGroup;
			children = (
			);
			path = Extensions;
			sourceTree = "<group>";
		};
		1B4621A726F7654B0015CCA7 /* UIComponents */ = {
			isa = PBXGroup;
			children = (
			);
			path = UIComponents;
			sourceTree = "<group>";
		};
		1B4621A826F7655A0015CCA7 /* UserStories */ = {
			isa = PBXGroup;
			children = (
				1B46219326F763420015CCA7 /* ContentView.swift */,
			);
			path = UserStories;
			sourceTree = "<group>";
		};
/* End PBXGroup section */

/* Begin PBXNativeTarget section */
		1B46218B26F763420015CCA7 /* Manage contacts */ = {
			isa = PBXNativeTarget;
			buildConfigurationList = 1B4621A026F763430015CCA7 /* Build configuration list for PBXNativeTarget "Manage contacts" */;
			buildPhases = (
				1B46218826F763420015CCA7 /* Sources */,
				1B46218926F763420015CCA7 /* Frameworks */,
				1B46218A26F763420015CCA7 /* Resources */,
			);
			buildRules = (
			);
			dependencies = (
			);
			name = "Manage contacts";
			productName = "Manage contacts";
			productReference = 1B46218C26F763420015CCA7 /* Manage contacts.app */;
			productType = "com.apple.product-type.application";
		};
/* End PBXNativeTarget section */

/* Begin PBXProject section */
		1B46218426F763420015CCA7 /* Project object */ = {
			isa = PBXProject;
			attributes = {
				LastSwiftUpdateCheck = 1250;
				LastUpgradeCheck = 1250;
				ORGANIZATIONNAME = SosinVitalii.com;
				TargetAttributes = {
					1B46218B26F763420015CCA7 = {
						CreatedOnToolsVersion = 12.5.1;
					};
				};
			};
			buildConfigurationList = 1B46218726F763420015CCA7 /* Build configuration list for PBXProject "Manage contacts" */;
			compatibilityVersion = "Xcode 9.3";
			developmentRegion = en;
			hasScannedForEncodings = 0;
			knownRegions = (
				en,
				Base,
			);
			mainGroup = 1B46218326F763420015CCA7;
			productRefGroup = 1B46218D26F763420015CCA7 /* Products */;
			projectDirPath = "";
			projectRoot = "";
			targets = (
				1B46218B26F763420015CCA7 /* Manage contacts */,
			);
		};
/* End PBXProject section */

/* Begin PBXResourcesBuildPhase section */
		1B46218A26F763420015CCA7 /* Resources */ = {
			isa = PBXResourcesBuildPhase;
			buildActionMask = 2147483647;
			files = (
				1B46219C26F763430015CCA7 /* LaunchScreen.storyboard in Resources */,
				1B4621AE26F76FA20015CCA7 /* Assets.xcassets in Resources */,
				1B46219926F763430015CCA7 /* Preview Assets.xcassets in Resources */,
			);
			runOnlyForDeploymentPostprocessing = 0;
		};
/* End PBXResourcesBuildPhase section */

/* Begin PBXSourcesBuildPhase section */
		1B46218826F763420015CCA7 /* Sources */ = {
			isa = PBXSourcesBuildPhase;
			buildActionMask = 2147483647;
			files = (
				1B46219026F763420015CCA7 /* AppDelegate.swift in Sources */,
				1B46219226F763420015CCA7 /* SceneDelegate.swift in Sources */,
				1B46219426F763420015CCA7 /* ContentView.swift in Sources */,
			);
			runOnlyForDeploymentPostprocessing = 0;
		};
/* End PBXSourcesBuildPhase section */

/* Begin PBXVariantGroup section */
		1B46219A26F763430015CCA7 /* LaunchScreen.storyboard */ = {
			isa = PBXVariantGroup;
			children = (
				1B46219B26F763430015CCA7 /* Base */,
			);
			name = LaunchScreen.storyboard;
			sourceTree = "<group>";
		};
/* End PBXVariantGroup section */

/* Begin XCBuildConfiguration section */
		1B46219E26F763430015CCA7 /* Debug */ = {
			isa = XCBuildConfiguration;
			buildSettings = {
				ALWAYS_SEARCH_USER_PATHS = NO;
				CLANG_ANALYZER_NONNULL = YES;
				CLANG_ANALYZER_NUMBER_OBJECT_CONVERSION = YES_AGGRESSIVE;
				CLANG_CXX_LANGUAGE_STANDARD = "gnu++14";
				CLANG_CXX_LIBRARY = "libc++";
				CLANG_ENABLE_MODULES = YES;
				CLANG_ENABLE_OBJC_ARC = YES;
				CLANG_ENABLE_OBJC_WEAK = YES;
				CLANG_WARN_BLOCK_CAPTURE_AUTORELEASING = YES;
				CLANG_WARN_BOOL_CONVERSION = YES;
				CLANG_WARN_COMMA = YES;
				CLANG_WARN_CONSTANT_CONVERSION = YES;
				CLANG_WARN_DEPRECATED_OBJC_IMPLEMENTATIONS = YES;
				CLANG_WARN_DIRECT_OBJC_ISA_USAGE = YES_ERROR;
				CLANG_WARN_DOCUMENTATION_COMMENTS = YES;
				CLANG_WARN_EMPTY_BODY = YES;
				CLANG_WARN_ENUM_CONVERSION = YES;
				CLANG_WARN_INFINITE_RECURSION = YES;
				CLANG_WARN_INT_CONVERSION = YES;
				CLANG_WARN_NON_LITERAL_NULL_CONVERSION = YES;
				CLANG_WARN_OBJC_IMPLICIT_RETAIN_SELF = YES;
				CLANG_WARN_OBJC_LITERAL_CONVERSION = YES;
				CLANG_WARN_OBJC_ROOT_CLASS = YES_ERROR;
				CLANG_WARN_QUOTED_INCLUDE_IN_FRAMEWORK_HEADER = YES;
				CLANG_WARN_RANGE_LOOP_ANALYSIS = YES;
				CLANG_WARN_STRICT_PROTOTYPES = YES;
				CLANG_WARN_SUSPICIOUS_MOVE = YES;
				CLANG_WARN_UNGUARDED_AVAILABILITY = YES_AGGRESSIVE;
				CLANG_WARN_UNREACHABLE_CODE = YES;
				CLANG_WARN__DUPLICATE_METHOD_MATCH = YES;
				COPY_PHASE_STRIP = NO;
				DEBUG_INFORMATION_FORMAT = dwarf;
				ENABLE_STRICT_OBJC_MSGSEND = YES;
				ENABLE_TESTABILITY = YES;
				GCC_C_LANGUAGE_STANDARD = gnu11;
				GCC_DYNAMIC_NO_PIC = NO;
				GCC_NO_COMMON_BLOCKS = YES;
				GCC_OPTIMIZATION_LEVEL = 0;
				GCC_PREPROCESSOR_DEFINITIONS = (
					"DEBUG=1",
					"$(inherited)",
				);
				GCC_WARN_64_TO_32_BIT_CONVERSION = YES;
				GCC_WARN_ABOUT_RETURN_TYPE = YES_ERROR;
				GCC_WARN_UNDECLARED_SELECTOR = YES;
				GCC_WARN_UNINITIALIZED_AUTOS = YES_AGGRESSIVE;
				GCC_WARN_UNUSED_FUNCTION = YES;
				GCC_WARN_UNUSED_VARIABLE = YES;
				IPHONEOS_DEPLOYMENT_TARGET = 13.0;
				MTL_ENABLE_DEBUG_INFO = INCLUDE_SOURCE;
				MTL_FAST_MATH = YES;
				ONLY_ACTIVE_ARCH = YES;
				SDKROOT = iphoneos;
				SWIFT_ACTIVE_COMPILATION_CONDITIONS = DEBUG;
				SWIFT_OPTIMIZATION_LEVEL = "-Onone";
			};
			name = Debug;
		};
		1B46219F26F763430015CCA7 /* Release */ = {
			isa = XCBuildConfiguration;
			buildSettings = {
				ALWAYS_SEARCH_USER_PATHS = NO;
				CLANG_ANALYZER_NONNULL = YES;
				CLANG_ANALYZER_NUMBER_OBJECT_CONVERSION = YES_AGGRESSIVE;
				CLANG_CXX_LANGUAGE_STANDARD = "gnu++14";
				CLANG_CXX_LIBRARY = "libc++";
				CLANG_ENABLE_MODULES = YES;
				CLANG_ENABLE_OBJC_ARC = YES;
				CLANG_ENABLE_OBJC_WEAK = YES;
				CLANG_WARN_BLOCK_CAPTURE_AUTORELEASING = YES;
				CLANG_WARN_BOOL_CONVERSION = YES;
				CLANG_WARN_COMMA = YES;
				CLANG_WARN_CONSTANT_CONVERSION = YES;
				CLANG_WARN_DEPRECATED_OBJC_IMPLEMENTATIONS = YES;
				CLANG_WARN_DIRECT_OBJC_ISA_USAGE = YES_ERROR;
				CLANG_WARN_DOCUMENTATION_COMMENTS = YES;
				CLANG_WARN_EMPTY_BODY = YES;
				CLANG_WARN_ENUM_CONVERSION = YES;
				CLANG_WARN_INFINITE_RECURSION = YES;
				CLANG_WARN_INT_CONVERSION = YES;
				CLANG_WARN_NON_LITERAL_NULL_CONVERSION = YES;
				CLANG_WARN_OBJC_IMPLICIT_RETAIN_SELF = YES;
				CLANG_WARN_OBJC_LITERAL_CONVERSION = YES;
				CLANG_WARN_OBJC_ROOT_CLASS = YES_ERROR;
				CLANG_WARN_QUOTED_INCLUDE_IN_FRAMEWORK_HEADER = YES;
				CLANG_WARN_RANGE_LOOP_ANALYSIS = YES;
				CLANG_WARN_STRICT_PROTOTYPES = YES;
				CLANG_WARN_SUSPICIOUS_MOVE = YES;
				CLANG_WARN_UNGUARDED_AVAILABILITY = YES_AGGRESSIVE;
				CLANG_WARN_UNREACHABLE_CODE = YES;
				CLANG_WARN__DUPLICATE_METHOD_MATCH = YES;
				COPY_PHASE_STRIP = NO;
				DEBUG_INFORMATION_FORMAT = "dwarf-with-dsym";
				ENABLE_NS_ASSERTIONS = NO;
				ENABLE_STRICT_OBJC_MSGSEND = YES;
				GCC_C_LANGUAGE_STANDARD = gnu11;
				GCC_NO_COMMON_BLOCKS = YES;
				GCC_WARN_64_TO_32_BIT_CONVERSION = YES;
				GCC_WARN_ABOUT_RETURN_TYPE = YES_ERROR;
				GCC_WARN_UNDECLARED_SELECTOR = YES;
				GCC_WARN_UNINITIALIZED_AUTOS = YES_AGGRESSIVE;
				GCC_WARN_UNUSED_FUNCTION = YES;
				GCC_WARN_UNUSED_VARIABLE = YES;
				IPHONEOS_DEPLOYMENT_TARGET = 13.0;
				MTL_ENABLE_DEBUG_INFO = NO;
				MTL_FAST_MATH = YES;
				SDKROOT = iphoneos;
				SWIFT_COMPILATION_MODE = wholemodule;
				SWIFT_OPTIMIZATION_LEVEL = "-O";
				VALIDATE_PRODUCT = YES;
			};
			name = Release;
		};
		1B4621A126F763430015CCA7 /* Debug */ = {
			isa = XCBuildConfiguration;
			buildSettings = {
				ASSETCATALOG_COMPILER_APPICON_NAME = AppIcon;
				ASSETCATALOG_COMPILER_GLOBAL_ACCENT_COLOR_NAME = AccentColor;
				CODE_SIGN_STYLE = Automatic;
				DEVELOPMENT_ASSET_PATHS = "\"Manage contacts/Preview Content\"";
				DEVELOPMENT_TEAM = 34VDSPZYU9;
				ENABLE_PREVIEWS = YES;
				INFOPLIST_FILE = "$(SRCROOT)/Manage contacts/AssetsAndAppDelegates/Info.plist";
				IPHONEOS_DEPLOYMENT_TARGET = 13.0;
				LD_RUNPATH_SEARCH_PATHS = (
					"$(inherited)",
					"@executable_path/Frameworks",
				);
				PRODUCT_BUNDLE_IDENTIFIER = "com.sosinvitalii.Manage-contacts";
				PRODUCT_NAME = "$(TARGET_NAME)";
				SWIFT_VERSION = 5.0;
				TARGETED_DEVICE_FAMILY = 1;
			};
			name = Debug;
		};
		1B4621A226F763430015CCA7 /* Release */ = {
			isa = XCBuildConfiguration;
			buildSettings = {
				ASSETCATALOG_COMPILER_APPICON_NAME = AppIcon;
				ASSETCATALOG_COMPILER_GLOBAL_ACCENT_COLOR_NAME = AccentColor;
				CODE_SIGN_STYLE = Automatic;
				DEVELOPMENT_ASSET_PATHS = "\"Manage contacts/Preview Content\"";
				DEVELOPMENT_TEAM = 34VDSPZYU9;
				ENABLE_PREVIEWS = YES;
				INFOPLIST_FILE = "$(SRCROOT)/Manage contacts/AssetsAndAppDelegates/Info.plist";
				IPHONEOS_DEPLOYMENT_TARGET = 13.0;
				LD_RUNPATH_SEARCH_PATHS = (
					"$(inherited)",
					"@executable_path/Frameworks",
				);
				PRODUCT_BUNDLE_IDENTIFIER = "com.sosinvitalii.Manage-contacts";
				PRODUCT_NAME = "$(TARGET_NAME)";
				SWIFT_VERSION = 5.0;
				TARGETED_DEVICE_FAMILY = 1;
			};
			name = Release;
		};
/* End XCBuildConfiguration section */

/* Begin XCConfigurationList section */
		1B46218726F763420015CCA7 /* Build configuration list for PBXProject "Manage contacts" */ = {
			isa = XCConfigurationList;
			buildConfigurations = (
				1B46219E26F763430015CCA7 /* Debug */,
				1B46219F26F763430015CCA7 /* Release */,
			);
			defaultConfigurationIsVisible = 0;
			defaultConfigurationName = Release;
		};
		1B4621A026F763430015CCA7 /* Build configuration list for PBXNativeTarget "Manage contacts" */ = {
			isa = XCConfigurationList;
			buildConfigurations = (
				1B4621A126F763430015CCA7 /* Debug */,
				1B4621A226F763430015CCA7 /* Release */,
			);
			defaultConfigurationIsVisible = 0;
			defaultConfigurationName = Release;
		};
/* End XCConfigurationList section */
	};
	rootObject = 1B46218426F763420015CCA7 /* Project object */;
}
